// !$*UTF8*$!
{
	archiveVersion = 1;
	classes = {
	};
	objectVersion = 46;
	objects = {

/* Begin PBXBuildFile section */
		9A577D311F03B0AC0017F40F /* Cube.swift in Sources */ = {isa = PBXBuildFile; fileRef = 9A577D291F03B0AC0017F40F /* Cube.swift */; };
		9A577D321F03B0AC0017F40F /* Cylinder.swift in Sources */ = {isa = PBXBuildFile; fileRef = 9A577D2A1F03B0AC0017F40F /* Cylinder.swift */; };
		9A577D331F03B0AC0017F40F /* Matrix4.swift in Sources */ = {isa = PBXBuildFile; fileRef = 9A577D2B1F03B0AC0017F40F /* Matrix4.swift */; };
		9A577D341F03B0AC0017F40F /* normalmap.png in Resources */ = {isa = PBXBuildFile; fileRef = 9A577D2C1F03B0AC0017F40F /* normalmap.png */; };
		9A577D351F03B0AC0017F40F /* Renderable.swift in Sources */ = {isa = PBXBuildFile; fileRef = 9A577D2D1F03B0AC0017F40F /* Renderable.swift */; };
		9A577D361F03B0AC0017F40F /* Scene.swift in Sources */ = {isa = PBXBuildFile; fileRef = 9A577D2E1F03B0AC0017F40F /* Scene.swift */; };
		9A577D371F03B0AC0017F40F /* ShaderProgram.swift in Sources */ = {isa = PBXBuildFile; fileRef = 9A577D2F1F03B0AC0017F40F /* ShaderProgram.swift */; };
		9A577D381F03B0AC0017F40F /* Texture.swift in Sources */ = {isa = PBXBuildFile; fileRef = 9A577D301F03B0AC0017F40F /* Texture.swift */; };
		9AB601A61F762993004C50AB /* MAGIsolineViewController.swift in Sources */ = {isa = PBXBuildFile; fileRef = 9AB601A51F762993004C50AB /* MAGIsolineViewController.swift */; };
		9AB601A91F762BF2004C50AB /* MAGScene.swift in Sources */ = {isa = PBXBuildFile; fileRef = 9AB601A81F762BF2004C50AB /* MAGScene.swift */; };
		9AB601AC1F762F19004C50AB /* MAGSource.swift in Sources */ = {isa = PBXBuildFile; fileRef = 9AB601AB1F762F19004C50AB /* MAGSource.swift */; };
		9AB601AE1F7657A7004C50AB /* SKTexture+Gradient.swift in Sources */ = {isa = PBXBuildFile; fileRef = 9AB601AD1F7657A7004C50AB /* SKTexture+Gradient.swift */; };
		9ADE1EBC1EED062B006D409E /* AppDelegate.swift in Sources */ = {isa = PBXBuildFile; fileRef = 9ADE1EBB1EED062B006D409E /* AppDelegate.swift */; };
		9ADE1EC11EED062B006D409E /* Main.storyboard in Resources */ = {isa = PBXBuildFile; fileRef = 9ADE1EBF1EED062B006D409E /* Main.storyboard */; };
		9ADE1EC31EED062B006D409E /* Assets.xcassets in Resources */ = {isa = PBXBuildFile; fileRef = 9ADE1EC21EED062B006D409E /* Assets.xcassets */; };
		9ADE1EC61EED062B006D409E /* LaunchScreen.storyboard in Resources */ = {isa = PBXBuildFile; fileRef = 9ADE1EC41EED062B006D409E /* LaunchScreen.storyboard */; };
		9ADE1ED01EED07F0006D409E /* MyGLKViewController.swift in Sources */ = {isa = PBXBuildFile; fileRef = 9ADE1ECD1EED07F0006D409E /* MyGLKViewController.swift */; };
		9ADE1ED11EED07F0006D409E /* shader.fs in Resources */ = {isa = PBXBuildFile; fileRef = 9ADE1ECE1EED07F0006D409E /* shader.fs */; };
		9ADE1ED21EED07F0006D409E /* shader.vs in Resources */ = {isa = PBXBuildFile; fileRef = 9ADE1ECF1EED07F0006D409E /* shader.vs */; };
		9ADE1F281EED1BFD006D409E /* IsolineViewController.swift in Sources */ = {isa = PBXBuildFile; fileRef = 9ADE1F271EED1BFD006D409E /* IsolineViewController.swift */; };
		9ADE1F2A1EED1C36006D409E /* IsolineView.swift in Sources */ = {isa = PBXBuildFile; fileRef = 9ADE1F291EED1C36006D409E /* IsolineView.swift */; };
		9ADE1F2C1EED22F5006D409E /* RectangleElement.swift in Sources */ = {isa = PBXBuildFile; fileRef = 9ADE1F2B1EED22F5006D409E /* RectangleElement.swift */; };
		9ADE29421EEE9751000F21C9 /* Color.swift in Sources */ = {isa = PBXBuildFile; fileRef = 9ADE29411EEE9751000F21C9 /* Color.swift */; };
		9AE615691F8A009D0067893C /* MAGFileManager.swift in Sources */ = {isa = PBXBuildFile; fileRef = 9AE615681F8A009D0067893C /* MAGFileManager.swift */; };
		9AE6156E1F8A03B00067893C /* MAGHexahedron.swift in Sources */ = {isa = PBXBuildFile; fileRef = 9AE6156D1F8A03B00067893C /* MAGHexahedron.swift */; };
		9AE615701F8A07250067893C /* MAGCustomGeometryModel.swift in Sources */ = {isa = PBXBuildFile; fileRef = 9AE6156F1F8A07250067893C /* MAGCustomGeometryModel.swift */; };
		9AE615761F8A10FF0067893C /* elem_neib.txt in Resources */ = {isa = PBXBuildFile; fileRef = 9AE615721F8A0A0D0067893C /* elem_neib.txt */; };
		9AE615771F8A10FF0067893C /* nver.txt in Resources */ = {isa = PBXBuildFile; fileRef = 9AE615741F8A0A0E0067893C /* nver.txt */; };
		9AE615781F8A10FF0067893C /* nvkat.txt in Resources */ = {isa = PBXBuildFile; fileRef = 9AE615751F8A0A0E0067893C /* nvkat.txt */; };
		9AE615791F8A10FF0067893C /* xyz.txt in Resources */ = {isa = PBXBuildFile; fileRef = 9AE615731F8A0A0D0067893C /* xyz.txt */; };
		9AE6157A1F8A1A920067893C /* elem_neib in Resources */ = {isa = PBXBuildFile; fileRef = 9AE6155E1F89FCE80067893C /* elem_neib */; };
		9AE6157B1F8A1A920067893C /* inftry.dat in Resources */ = {isa = PBXBuildFile; fileRef = 9AE6155F1F89FCE80067893C /* inftry.dat */; };
		9AE6157C1F8A1A920067893C /* nver.dat in Resources */ = {isa = PBXBuildFile; fileRef = 9AE615601F89FCE80067893C /* nver.dat */; };
		9AE6157D1F8A1A920067893C /* nvkat.dat in Resources */ = {isa = PBXBuildFile; fileRef = 9AE615611F89FCE80067893C /* nvkat.dat */; };
		9AE6157E1F8A1A920067893C /* xyz.dat in Resources */ = {isa = PBXBuildFile; fileRef = 9AE615621F89FCE80067893C /* xyz.dat */; };
		9AF322EA1F7A7FE4003AE463 /* MAG3DViewController.swift in Sources */ = {isa = PBXBuildFile; fileRef = 9AF322E91F7A7FE4003AE463 /* MAG3DViewController.swift */; };
		9AF322EC1F7A8054003AE463 /* MAGCustomGeometryView.swift in Sources */ = {isa = PBXBuildFile; fileRef = 9AF322EB1F7A8054003AE463 /* MAGCustomGeometryView.swift */; };
/* End PBXBuildFile section */

/* Begin PBXFileReference section */
		9A577D291F03B0AC0017F40F /* Cube.swift */ = {isa = PBXFileReference; fileEncoding = 4; lastKnownFileType = sourcecode.swift; path = Cube.swift; sourceTree = "<group>"; };
		9A577D2A1F03B0AC0017F40F /* Cylinder.swift */ = {isa = PBXFileReference; fileEncoding = 4; lastKnownFileType = sourcecode.swift; path = Cylinder.swift; sourceTree = "<group>"; };
		9A577D2B1F03B0AC0017F40F /* Matrix4.swift */ = {isa = PBXFileReference; fileEncoding = 4; lastKnownFileType = sourcecode.swift; path = Matrix4.swift; sourceTree = "<group>"; };
		9A577D2C1F03B0AC0017F40F /* normalmap.png */ = {isa = PBXFileReference; lastKnownFileType = image.png; path = normalmap.png; sourceTree = "<group>"; };
		9A577D2D1F03B0AC0017F40F /* Renderable.swift */ = {isa = PBXFileReference; fileEncoding = 4; lastKnownFileType = sourcecode.swift; path = Renderable.swift; sourceTree = "<group>"; };
		9A577D2E1F03B0AC0017F40F /* Scene.swift */ = {isa = PBXFileReference; fileEncoding = 4; lastKnownFileType = sourcecode.swift; path = Scene.swift; sourceTree = "<group>"; };
		9A577D2F1F03B0AC0017F40F /* ShaderProgram.swift */ = {isa = PBXFileReference; fileEncoding = 4; lastKnownFileType = sourcecode.swift; path = ShaderProgram.swift; sourceTree = "<group>"; };
		9A577D301F03B0AC0017F40F /* Texture.swift */ = {isa = PBXFileReference; fileEncoding = 4; lastKnownFileType = sourcecode.swift; path = Texture.swift; sourceTree = "<group>"; };
		9AB601A51F762993004C50AB /* MAGIsolineViewController.swift */ = {isa = PBXFileReference; lastKnownFileType = sourcecode.swift; path = MAGIsolineViewController.swift; sourceTree = "<group>"; };
		9AB601A81F762BF2004C50AB /* MAGScene.swift */ = {isa = PBXFileReference; lastKnownFileType = sourcecode.swift; path = MAGScene.swift; sourceTree = "<group>"; };
		9AB601AB1F762F19004C50AB /* MAGSource.swift */ = {isa = PBXFileReference; lastKnownFileType = sourcecode.swift; path = MAGSource.swift; sourceTree = "<group>"; };
		9AB601AD1F7657A7004C50AB /* SKTexture+Gradient.swift */ = {isa = PBXFileReference; lastKnownFileType = sourcecode.swift; path = "SKTexture+Gradient.swift"; sourceTree = "<group>"; };
		9ADE1EB81EED062B006D409E /* MagisterGL.app */ = {isa = PBXFileReference; explicitFileType = wrapper.application; includeInIndex = 0; path = MagisterGL.app; sourceTree = BUILT_PRODUCTS_DIR; };
		9ADE1EBB1EED062B006D409E /* AppDelegate.swift */ = {isa = PBXFileReference; lastKnownFileType = sourcecode.swift; path = AppDelegate.swift; sourceTree = "<group>"; };
		9ADE1EC01EED062B006D409E /* Base */ = {isa = PBXFileReference; lastKnownFileType = file.storyboard; name = Base; path = Base.lproj/Main.storyboard; sourceTree = "<group>"; };
		9ADE1EC21EED062B006D409E /* Assets.xcassets */ = {isa = PBXFileReference; lastKnownFileType = folder.assetcatalog; path = Assets.xcassets; sourceTree = "<group>"; };
		9ADE1EC51EED062B006D409E /* Base */ = {isa = PBXFileReference; lastKnownFileType = file.storyboard; name = Base; path = Base.lproj/LaunchScreen.storyboard; sourceTree = "<group>"; };
		9ADE1EC71EED062B006D409E /* Info.plist */ = {isa = PBXFileReference; lastKnownFileType = text.plist.xml; path = Info.plist; sourceTree = "<group>"; };
		9ADE1ECD1EED07F0006D409E /* MyGLKViewController.swift */ = {isa = PBXFileReference; fileEncoding = 4; lastKnownFileType = sourcecode.swift; path = MyGLKViewController.swift; sourceTree = "<group>"; };
		9ADE1ECE1EED07F0006D409E /* shader.fs */ = {isa = PBXFileReference; fileEncoding = 4; lastKnownFileType = sourcecode.glsl; path = shader.fs; sourceTree = "<group>"; };
		9ADE1ECF1EED07F0006D409E /* shader.vs */ = {isa = PBXFileReference; fileEncoding = 4; lastKnownFileType = sourcecode.glsl; path = shader.vs; sourceTree = "<group>"; };
		9ADE1F271EED1BFD006D409E /* IsolineViewController.swift */ = {isa = PBXFileReference; fileEncoding = 4; lastKnownFileType = sourcecode.swift; path = IsolineViewController.swift; sourceTree = "<group>"; };
		9ADE1F291EED1C36006D409E /* IsolineView.swift */ = {isa = PBXFileReference; fileEncoding = 4; lastKnownFileType = sourcecode.swift; path = IsolineView.swift; sourceTree = "<group>"; };
		9ADE1F2B1EED22F5006D409E /* RectangleElement.swift */ = {isa = PBXFileReference; fileEncoding = 4; lastKnownFileType = sourcecode.swift; path = RectangleElement.swift; sourceTree = "<group>"; };
		9ADE29411EEE9751000F21C9 /* Color.swift */ = {isa = PBXFileReference; fileEncoding = 4; lastKnownFileType = sourcecode.swift; path = Color.swift; sourceTree = "<group>"; };
		9AE6155E1F89FCE80067893C /* elem_neib */ = {isa = PBXFileReference; lastKnownFileType = file; path = elem_neib; sourceTree = "<group>"; };
		9AE6155F1F89FCE80067893C /* inftry.dat */ = {isa = PBXFileReference; lastKnownFileType = text; path = inftry.dat; sourceTree = "<group>"; };
		9AE615601F89FCE80067893C /* nver.dat */ = {isa = PBXFileReference; lastKnownFileType = file; path = nver.dat; sourceTree = "<group>"; };
		9AE615611F89FCE80067893C /* nvkat.dat */ = {isa = PBXFileReference; lastKnownFileType = file; path = nvkat.dat; sourceTree = "<group>"; };
		9AE615621F89FCE80067893C /* xyz.dat */ = {isa = PBXFileReference; lastKnownFileType = file; path = xyz.dat; sourceTree = "<group>"; };
		9AE615641F89FCE80067893C /* geoprep.dat */ = {isa = PBXFileReference; lastKnownFileType = text; path = geoprep.dat; sourceTree = "<group>"; };
		9AE615651F89FCE80067893C /* z_sig_2d */ = {isa = PBXFileReference; lastKnownFileType = text; path = z_sig_2d; sourceTree = "<group>"; };
		9AE615681F8A009D0067893C /* MAGFileManager.swift */ = {isa = PBXFileReference; lastKnownFileType = sourcecode.swift; path = MAGFileManager.swift; sourceTree = "<group>"; };
		9AE6156D1F8A03B00067893C /* MAGHexahedron.swift */ = {isa = PBXFileReference; lastKnownFileType = sourcecode.swift; path = MAGHexahedron.swift; sourceTree = "<group>"; };
		9AE6156F1F8A07250067893C /* MAGCustomGeometryModel.swift */ = {isa = PBXFileReference; lastKnownFileType = sourcecode.swift; path = MAGCustomGeometryModel.swift; sourceTree = "<group>"; };
		9AE615721F8A0A0D0067893C /* elem_neib.txt */ = {isa = PBXFileReference; lastKnownFileType = text; path = elem_neib.txt; sourceTree = "<group>"; };
		9AE615731F8A0A0D0067893C /* xyz.txt */ = {isa = PBXFileReference; lastKnownFileType = text; path = xyz.txt; sourceTree = "<group>"; };
		9AE615741F8A0A0E0067893C /* nver.txt */ = {isa = PBXFileReference; lastKnownFileType = text; path = nver.txt; sourceTree = "<group>"; };
		9AE615751F8A0A0E0067893C /* nvkat.txt */ = {isa = PBXFileReference; lastKnownFileType = text; path = nvkat.txt; sourceTree = "<group>"; };
		9AF322E91F7A7FE4003AE463 /* MAG3DViewController.swift */ = {isa = PBXFileReference; lastKnownFileType = sourcecode.swift; path = MAG3DViewController.swift; sourceTree = "<group>"; };
		9AF322EB1F7A8054003AE463 /* MAGCustomGeometryView.swift */ = {isa = PBXFileReference; lastKnownFileType = sourcecode.swift; path = MAGCustomGeometryView.swift; sourceTree = "<group>"; };
/* End PBXFileReference section */

/* Begin PBXFrameworksBuildPhase section */
		9ADE1EB51EED062B006D409E /* Frameworks */ = {
			isa = PBXFrameworksBuildPhase;
			buildActionMask = 2147483647;
			files = (
			);
			runOnlyForDeploymentPostprocessing = 0;
		};
/* End PBXFrameworksBuildPhase section */

/* Begin PBXGroup section */
		9A577D281F03B0AC0017F40F /* Common */ = {
			isa = PBXGroup;
			children = (
				9A577D291F03B0AC0017F40F /* Cube.swift */,
				9A577D2A1F03B0AC0017F40F /* Cylinder.swift */,
				9A577D2B1F03B0AC0017F40F /* Matrix4.swift */,
				9A577D2C1F03B0AC0017F40F /* normalmap.png */,
				9A577D2D1F03B0AC0017F40F /* Renderable.swift */,
				9A577D2E1F03B0AC0017F40F /* Scene.swift */,
				9A577D2F1F03B0AC0017F40F /* ShaderProgram.swift */,
				9A577D301F03B0AC0017F40F /* Texture.swift */,
			);
			path = Common;
			sourceTree = "<group>";
		};
		9AB601A71F762998004C50AB /* UI */ = {
			isa = PBXGroup;
			children = (
				9AF322E81F7A7F3A003AE463 /* 3D */,
				9AF322E71F7A7F0E003AE463 /* 2d */,
			);
			path = UI;
			sourceTree = "<group>";
		};
		9AB601AA1F762DAE004C50AB /* Model */ = {
			isa = PBXGroup;
			children = (
				9AE6156C1F8A01910067893C /* 3d */,
				9AE6156B1F8A018C0067893C /* 2d */,
			);
			path = Model;
			sourceTree = "<group>";
		};
		9AB601AF1F7657AB004C50AB /* Ext */ = {
			isa = PBXGroup;
			children = (
				9AB601AD1F7657A7004C50AB /* SKTexture+Gradient.swift */,
			);
			path = Ext;
			sourceTree = "<group>";
		};
		9ADE1EAF1EED062B006D409E = {
			isa = PBXGroup;
			children = (
				9ADE1EBA1EED062B006D409E /* MagisterGL */,
				9ADE1EB91EED062B006D409E /* Products */,
			);
			sourceTree = "<group>";
		};
		9ADE1EB91EED062B006D409E /* Products */ = {
			isa = PBXGroup;
			children = (
				9ADE1EB81EED062B006D409E /* MagisterGL.app */,
			);
			name = Products;
			sourceTree = "<group>";
		};
		9ADE1EBA1EED062B006D409E /* MagisterGL */ = {
			isa = PBXGroup;
			children = (
				9AE615671F8A004C0067893C /* FileManager */,
				9ADE1EBB1EED062B006D409E /* AppDelegate.swift */,
				9ADE1EC21EED062B006D409E /* Assets.xcassets */,
				9ADE29411EEE9751000F21C9 /* Color.swift */,
				9A577D281F03B0AC0017F40F /* Common */,
				9AB601AF1F7657AB004C50AB /* Ext */,
				9ADE1EC71EED062B006D409E /* Info.plist */,
				9ADE1F291EED1C36006D409E /* IsolineView.swift */,
				9ADE1F271EED1BFD006D409E /* IsolineViewController.swift */,
				9ADE1EC41EED062B006D409E /* LaunchScreen.storyboard */,
				9ADE1EBF1EED062B006D409E /* Main.storyboard */,
				9AB601AA1F762DAE004C50AB /* Model */,
				9ADE1ECD1EED07F0006D409E /* MyGLKViewController.swift */,
				9ADE1ECE1EED07F0006D409E /* shader.fs */,
				9ADE1ECF1EED07F0006D409E /* shader.vs */,
				9AE6155C1F89FCDC0067893C /* Supporting files */,
				9AB601A71F762998004C50AB /* UI */,
			);
			path = MagisterGL;
			sourceTree = "<group>";
		};
		9AE6155C1F89FCDC0067893C /* Supporting files */ = {
			isa = PBXGroup;
			children = (
				9AE615711F8A09FB0067893C /* Test2 */,
				9AE615661F89FD900067893C /* Test1 */,
			);
			path = "Supporting files";
			sourceTree = "<group>";
		};
		9AE6155D1F89FCE80067893C /* Grid */ = {
			isa = PBXGroup;
			children = (
				9AE6155E1F89FCE80067893C /* elem_neib */,
				9AE6155F1F89FCE80067893C /* inftry.dat */,
				9AE615601F89FCE80067893C /* nver.dat */,
				9AE615611F89FCE80067893C /* nvkat.dat */,
				9AE615621F89FCE80067893C /* xyz.dat */,
			);
			path = Grid;
			sourceTree = "<group>";
		};
		9AE615631F89FCE80067893C /* Model */ = {
			isa = PBXGroup;
			children = (
				9AE615641F89FCE80067893C /* geoprep.dat */,
				9AE615651F89FCE80067893C /* z_sig_2d */,
			);
			path = Model;
			sourceTree = "<group>";
		};
		9AE615661F89FD900067893C /* Test1 */ = {
			isa = PBXGroup;
			children = (
				9AE6155D1F89FCE80067893C /* Grid */,
				9AE615631F89FCE80067893C /* Model */,
			);
			path = Test1;
			sourceTree = "<group>";
		};
		9AE615671F8A004C0067893C /* FileManager */ = {
			isa = PBXGroup;
			children = (
				9AE615681F8A009D0067893C /* MAGFileManager.swift */,
			);
			path = FileManager;
			sourceTree = "<group>";
		};
		9AE6156B1F8A018C0067893C /* 2d */ = {
			isa = PBXGroup;
			children = (
				9AB601AB1F762F19004C50AB /* MAGSource.swift */,
				9ADE1F2B1EED22F5006D409E /* RectangleElement.swift */,
			);
			path = 2d;
			sourceTree = "<group>";
		};
		9AE6156C1F8A01910067893C /* 3d */ = {
			isa = PBXGroup;
			children = (
				9AE6156D1F8A03B00067893C /* MAGHexahedron.swift */,
				9AE6156F1F8A07250067893C /* MAGCustomGeometryModel.swift */,
			);
			path = 3d;
			sourceTree = "<group>";
		};
		9AE615711F8A09FB0067893C /* Test2 */ = {
			isa = PBXGroup;
			children = (
				9AE615721F8A0A0D0067893C /* elem_neib.txt */,
				9AE615741F8A0A0E0067893C /* nver.txt */,
				9AE615751F8A0A0E0067893C /* nvkat.txt */,
				9AE615731F8A0A0D0067893C /* xyz.txt */,
			);
			path = Test2;
			sourceTree = "<group>";
		};
		9AF322E71F7A7F0E003AE463 /* 2d */ = {
			isa = PBXGroup;
			children = (
				9AB601A81F762BF2004C50AB /* MAGScene.swift */,
				9AB601A51F762993004C50AB /* MAGIsolineViewController.swift */,
			);
			path = 2d;
			sourceTree = "<group>";
		};
		9AF322E81F7A7F3A003AE463 /* 3D */ = {
			isa = PBXGroup;
			children = (
				9AF322E91F7A7FE4003AE463 /* MAG3DViewController.swift */,
				9AF322EB1F7A8054003AE463 /* MAGCustomGeometryView.swift */,
			);
			path = 3D;
			sourceTree = "<group>";
		};
/* End PBXGroup section */

/* Begin PBXNativeTarget section */
		9ADE1EB71EED062B006D409E /* MagisterGL */ = {
			isa = PBXNativeTarget;
			buildConfigurationList = 9ADE1ECA1EED062B006D409E /* Build configuration list for PBXNativeTarget "MagisterGL" */;
			buildPhases = (
				9ADE1EB41EED062B006D409E /* Sources */,
				9ADE1EB51EED062B006D409E /* Frameworks */,
				9ADE1EB61EED062B006D409E /* Resources */,
			);
			buildRules = (
			);
			dependencies = (
			);
			name = MagisterGL;
			productName = MagisterGL;
			productReference = 9ADE1EB81EED062B006D409E /* MagisterGL.app */;
			productType = "com.apple.product-type.application";
		};
/* End PBXNativeTarget section */

/* Begin PBXProject section */
		9ADE1EB01EED062B006D409E /* Project object */ = {
			isa = PBXProject;
			attributes = {
				LastSwiftUpdateCheck = 0830;
				LastUpgradeCheck = 0830;
				ORGANIZATIONNAME = "Хохлова Татьяна";
				TargetAttributes = {
					9ADE1EB71EED062B006D409E = {
						CreatedOnToolsVersion = 8.3.3;
						DevelopmentTeam = 4AGU44C96R;
						ProvisioningStyle = Automatic;
					};
				};
			};
			buildConfigurationList = 9ADE1EB31EED062B006D409E /* Build configuration list for PBXProject "MagisterGL" */;
			compatibilityVersion = "Xcode 3.2";
			developmentRegion = English;
			hasScannedForEncodings = 0;
			knownRegions = (
				en,
				Base,
			);
			mainGroup = 9ADE1EAF1EED062B006D409E;
			productRefGroup = 9ADE1EB91EED062B006D409E /* Products */;
			projectDirPath = "";
			projectRoot = "";
			targets = (
				9ADE1EB71EED062B006D409E /* MagisterGL */,
			);
		};
/* End PBXProject section */

/* Begin PBXResourcesBuildPhase section */
		9ADE1EB61EED062B006D409E /* Resources */ = {
			isa = PBXResourcesBuildPhase;
			buildActionMask = 2147483647;
			files = (
				9AE6157A1F8A1A920067893C /* elem_neib in Resources */,
				9AE6157B1F8A1A920067893C /* inftry.dat in Resources */,
				9AE6157C1F8A1A920067893C /* nver.dat in Resources */,
				9AE6157D1F8A1A920067893C /* nvkat.dat in Resources */,
				9AE6157E1F8A1A920067893C /* xyz.dat in Resources */,
				9AE615761F8A10FF0067893C /* elem_neib.txt in Resources */,
				9AE615771F8A10FF0067893C /* nver.txt in Resources */,
				9AE615781F8A10FF0067893C /* nvkat.txt in Resources */,
				9AE615791F8A10FF0067893C /* xyz.txt in Resources */,
				9ADE1EC61EED062B006D409E /* LaunchScreen.storyboard in Resources */,
				9ADE1ED21EED07F0006D409E /* shader.vs in Resources */,
				9ADE1EC31EED062B006D409E /* Assets.xcassets in Resources */,
				9A577D341F03B0AC0017F40F /* normalmap.png in Resources */,
				9ADE1EC11EED062B006D409E /* Main.storyboard in Resources */,
				9ADE1ED11EED07F0006D409E /* shader.fs in Resources */,
			);
			runOnlyForDeploymentPostprocessing = 0;
		};
/* End PBXResourcesBuildPhase section */

/* Begin PBXSourcesBuildPhase section */
		9ADE1EB41EED062B006D409E /* Sources */ = {
			isa = PBXSourcesBuildPhase;
			buildActionMask = 2147483647;
			files = (
				9AB601AC1F762F19004C50AB /* MAGSource.swift in Sources */,
				9AF322EA1F7A7FE4003AE463 /* MAG3DViewController.swift in Sources */,
				9AB601A91F762BF2004C50AB /* MAGScene.swift in Sources */,
				9AE615691F8A009D0067893C /* MAGFileManager.swift in Sources */,
				9ADE1F2C1EED22F5006D409E /* RectangleElement.swift in Sources */,
				9A577D371F03B0AC0017F40F /* ShaderProgram.swift in Sources */,
				9ADE1EBC1EED062B006D409E /* AppDelegate.swift in Sources */,
				9ADE29421EEE9751000F21C9 /* Color.swift in Sources */,
				9AB601A61F762993004C50AB /* MAGIsolineViewController.swift in Sources */,
				9A577D351F03B0AC0017F40F /* Renderable.swift in Sources */,
				9A577D321F03B0AC0017F40F /* Cylinder.swift in Sources */,
				9ADE1ED01EED07F0006D409E /* MyGLKViewController.swift in Sources */,
				9ADE1F281EED1BFD006D409E /* IsolineViewController.swift in Sources */,
				9A577D311F03B0AC0017F40F /* Cube.swift in Sources */,
				9AF322EC1F7A8054003AE463 /* MAGCustomGeometryView.swift in Sources */,
				9ADE1F2A1EED1C36006D409E /* IsolineView.swift in Sources */,
				9AE615701F8A07250067893C /* MAGCustomGeometryModel.swift in Sources */,
				9AB601AE1F7657A7004C50AB /* SKTexture+Gradient.swift in Sources */,
				9A577D331F03B0AC0017F40F /* Matrix4.swift in Sources */,
				9A577D381F03B0AC0017F40F /* Texture.swift in Sources */,
				9AE6156E1F8A03B00067893C /* MAGHexahedron.swift in Sources */,
				9A577D361F03B0AC0017F40F /* Scene.swift in Sources */,
			);
			runOnlyForDeploymentPostprocessing = 0;
		};
/* End PBXSourcesBuildPhase section */

/* Begin PBXVariantGroup section */
		9ADE1EBF1EED062B006D409E /* Main.storyboard */ = {
			isa = PBXVariantGroup;
			children = (
				9ADE1EC01EED062B006D409E /* Base */,
			);
			name = Main.storyboard;
			sourceTree = "<group>";
		};
		9ADE1EC41EED062B006D409E /* LaunchScreen.storyboard */ = {
			isa = PBXVariantGroup;
			children = (
				9ADE1EC51EED062B006D409E /* Base */,
			);
			name = LaunchScreen.storyboard;
			sourceTree = "<group>";
		};
/* End PBXVariantGroup section */

/* Begin XCBuildConfiguration section */
		9ADE1EC81EED062B006D409E /* Debug */ = {
			isa = XCBuildConfiguration;
			buildSettings = {
				ALWAYS_SEARCH_USER_PATHS = NO;
				CLANG_ANALYZER_NONNULL = YES;
				CLANG_ANALYZER_NUMBER_OBJECT_CONVERSION = YES_AGGRESSIVE;
				CLANG_CXX_LANGUAGE_STANDARD = "gnu++0x";
				CLANG_CXX_LIBRARY = "libc++";
				CLANG_ENABLE_MODULES = YES;
				CLANG_ENABLE_OBJC_ARC = YES;
				CLANG_WARN_BOOL_CONVERSION = YES;
				CLANG_WARN_CONSTANT_CONVERSION = YES;
				CLANG_WARN_DIRECT_OBJC_ISA_USAGE = YES_ERROR;
				CLANG_WARN_DOCUMENTATION_COMMENTS = YES;
				CLANG_WARN_EMPTY_BODY = YES;
				CLANG_WARN_ENUM_CONVERSION = YES;
				CLANG_WARN_INFINITE_RECURSION = YES;
				CLANG_WARN_INT_CONVERSION = YES;
				CLANG_WARN_OBJC_ROOT_CLASS = YES_ERROR;
				CLANG_WARN_SUSPICIOUS_MOVE = YES;
				CLANG_WARN_UNREACHABLE_CODE = YES;
				CLANG_WARN__DUPLICATE_METHOD_MATCH = YES;
				"CODE_SIGN_IDENTITY[sdk=iphoneos*]" = "iPhone Developer";
				COPY_PHASE_STRIP = NO;
				DEBUG_INFORMATION_FORMAT = dwarf;
				ENABLE_STRICT_OBJC_MSGSEND = YES;
				ENABLE_TESTABILITY = YES;
				GCC_C_LANGUAGE_STANDARD = gnu99;
				GCC_DYNAMIC_NO_PIC = NO;
				GCC_NO_COMMON_BLOCKS = YES;
				GCC_OPTIMIZATION_LEVEL = 0;
				GCC_PREPROCESSOR_DEFINITIONS = (
					"DEBUG=1",
					"$(inherited)",
				);
				GCC_WARN_64_TO_32_BIT_CONVERSION = YES;
				GCC_WARN_ABOUT_RETURN_TYPE = YES_ERROR;
				GCC_WARN_UNDECLARED_SELECTOR = YES;
				GCC_WARN_UNINITIALIZED_AUTOS = YES_AGGRESSIVE;
				GCC_WARN_UNUSED_FUNCTION = YES;
				GCC_WARN_UNUSED_VARIABLE = YES;
				IPHONEOS_DEPLOYMENT_TARGET = 10.3;
				MTL_ENABLE_DEBUG_INFO = YES;
				ONLY_ACTIVE_ARCH = YES;
				SDKROOT = iphoneos;
				SWIFT_ACTIVE_COMPILATION_CONDITIONS = DEBUG;
				SWIFT_OPTIMIZATION_LEVEL = "-Onone";
				TARGETED_DEVICE_FAMILY = "1,2";
			};
			name = Debug;
		};
		9ADE1EC91EED062B006D409E /* Release */ = {
			isa = XCBuildConfiguration;
			buildSettings = {
				ALWAYS_SEARCH_USER_PATHS = NO;
				CLANG_ANALYZER_NONNULL = YES;
				CLANG_ANALYZER_NUMBER_OBJECT_CONVERSION = YES_AGGRESSIVE;
				CLANG_CXX_LANGUAGE_STANDARD = "gnu++0x";
				CLANG_CXX_LIBRARY = "libc++";
				CLANG_ENABLE_MODULES = YES;
				CLANG_ENABLE_OBJC_ARC = YES;
				CLANG_WARN_BOOL_CONVERSION = YES;
				CLANG_WARN_CONSTANT_CONVERSION = YES;
				CLANG_WARN_DIRECT_OBJC_ISA_USAGE = YES_ERROR;
				CLANG_WARN_DOCUMENTATION_COMMENTS = YES;
				CLANG_WARN_EMPTY_BODY = YES;
				CLANG_WARN_ENUM_CONVERSION = YES;
				CLANG_WARN_INFINITE_RECURSION = YES;
				CLANG_WARN_INT_CONVERSION = YES;
				CLANG_WARN_OBJC_ROOT_CLASS = YES_ERROR;
				CLANG_WARN_SUSPICIOUS_MOVE = YES;
				CLANG_WARN_UNREACHABLE_CODE = YES;
				CLANG_WARN__DUPLICATE_METHOD_MATCH = YES;
				"CODE_SIGN_IDENTITY[sdk=iphoneos*]" = "iPhone Developer";
				COPY_PHASE_STRIP = NO;
				DEBUG_INFORMATION_FORMAT = "dwarf-with-dsym";
				ENABLE_NS_ASSERTIONS = NO;
				ENABLE_STRICT_OBJC_MSGSEND = YES;
				GCC_C_LANGUAGE_STANDARD = gnu99;
				GCC_NO_COMMON_BLOCKS = YES;
				GCC_WARN_64_TO_32_BIT_CONVERSION = YES;
				GCC_WARN_ABOUT_RETURN_TYPE = YES_ERROR;
				GCC_WARN_UNDECLARED_SELECTOR = YES;
				GCC_WARN_UNINITIALIZED_AUTOS = YES_AGGRESSIVE;
				GCC_WARN_UNUSED_FUNCTION = YES;
				GCC_WARN_UNUSED_VARIABLE = YES;
				IPHONEOS_DEPLOYMENT_TARGET = 10.3;
				MTL_ENABLE_DEBUG_INFO = NO;
				SDKROOT = iphoneos;
				SWIFT_OPTIMIZATION_LEVEL = "-Owholemodule";
				TARGETED_DEVICE_FAMILY = "1,2";
				VALIDATE_PRODUCT = YES;
			};
			name = Release;
		};
		9ADE1ECB1EED062B006D409E /* Debug */ = {
			isa = XCBuildConfiguration;
			buildSettings = {
				ASSETCATALOG_COMPILER_APPICON_NAME = AppIcon;
				DEVELOPMENT_TEAM = 4AGU44C96R;
				INFOPLIST_FILE = MagisterGL/Info.plist;
				IPHONEOS_DEPLOYMENT_TARGET = 10.0;
				LD_RUNPATH_SEARCH_PATHS = "$(inherited) @executable_path/Frameworks";
				PRODUCT_BUNDLE_IDENTIFIER = tyh.MagisterGL;
				PRODUCT_NAME = "$(TARGET_NAME)";
				SWIFT_VERSION = 3.0;
			};
			name = Debug;
		};
		9ADE1ECC1EED062B006D409E /* Release */ = {
			isa = XCBuildConfiguration;
			buildSettings = {
				ASSETCATALOG_COMPILER_APPICON_NAME = AppIcon;
				DEVELOPMENT_TEAM = 4AGU44C96R;
				INFOPLIST_FILE = MagisterGL/Info.plist;
				IPHONEOS_DEPLOYMENT_TARGET = 10.0;
				LD_RUNPATH_SEARCH_PATHS = "$(inherited) @executable_path/Frameworks";
				PRODUCT_BUNDLE_IDENTIFIER = tyh.MagisterGL;
				PRODUCT_NAME = "$(TARGET_NAME)";
				SWIFT_VERSION = 3.0;
			};
			name = Release;
		};
/* End XCBuildConfiguration section */

/* Begin XCConfigurationList section */
		9ADE1EB31EED062B006D409E /* Build configuration list for PBXProject "MagisterGL" */ = {
			isa = XCConfigurationList;
			buildConfigurations = (
				9ADE1EC81EED062B006D409E /* Debug */,
				9ADE1EC91EED062B006D409E /* Release */,
			);
			defaultConfigurationIsVisible = 0;
			defaultConfigurationName = Release;
		};
		9ADE1ECA1EED062B006D409E /* Build configuration list for PBXNativeTarget "MagisterGL" */ = {
			isa = XCConfigurationList;
			buildConfigurations = (
				9ADE1ECB1EED062B006D409E /* Debug */,
				9ADE1ECC1EED062B006D409E /* Release */,
			);
			defaultConfigurationIsVisible = 0;
			defaultConfigurationName = Release;
		};
/* End XCConfigurationList section */
	};
	rootObject = 9ADE1EB01EED062B006D409E /* Project object */;
}
